// !$*UTF8*$!
{
	archiveVersion = 1;
	classes = {
	};
	objectVersion = 56;
	objects = {

/* Begin PBXBuildFile section */
		195A7DAD2C87ADE40016CB10 /* MoviesApp.swift in Sources */ = {isa = PBXBuildFile; fileRef = 195A7DAC2C87ADE40016CB10 /* MoviesApp.swift */; };
		195A7DAF2C87ADE40016CB10 /* HomeView.swift in Sources */ = {isa = PBXBuildFile; fileRef = 195A7DAE2C87ADE40016CB10 /* HomeView.swift */; };
		195A7DB12C87ADE60016CB10 /* Assets.xcassets in Resources */ = {isa = PBXBuildFile; fileRef = 195A7DB02C87ADE60016CB10 /* Assets.xcassets */; };
		195A7DB42C87ADE60016CB10 /* Preview Assets.xcassets in Resources */ = {isa = PBXBuildFile; fileRef = 195A7DB32C87ADE60016CB10 /* Preview Assets.xcassets */; };
		195A7DBE2C87ADE60016CB10 /* DetailsViewModelTests.swift in Sources */ = {isa = PBXBuildFile; fileRef = 195A7DBD2C87ADE60016CB10 /* DetailsViewModelTests.swift */; };
		195A7DC82C87ADE60016CB10 /* MoviesUITests.swift in Sources */ = {isa = PBXBuildFile; fileRef = 195A7DC72C87ADE60016CB10 /* MoviesUITests.swift */; };
		195A7DCA2C87ADE60016CB10 /* MoviesUITestsLaunchTests.swift in Sources */ = {isa = PBXBuildFile; fileRef = 195A7DC92C87ADE60016CB10 /* MoviesUITestsLaunchTests.swift */; };
		195A7DF82C87CFCA0016CB10 /* Poppins-SemiBold.ttf in Resources */ = {isa = PBXBuildFile; fileRef = 195A7DE62C87CFC90016CB10 /* Poppins-SemiBold.ttf */; };
		195A7DFA2C87CFCA0016CB10 /* Poppins-Regular.ttf in Resources */ = {isa = PBXBuildFile; fileRef = 195A7DE82C87CFC90016CB10 /* Poppins-Regular.ttf */; };
		195A7DFF2C88B6780016CB10 /* Genre.swift in Sources */ = {isa = PBXBuildFile; fileRef = 195A7DFE2C88B6780016CB10 /* Genre.swift */; };
		195A7E012C88B6A70016CB10 /* Movie.swift in Sources */ = {isa = PBXBuildFile; fileRef = 195A7E002C88B6A70016CB10 /* Movie.swift */; };
		195A7E042C88B6CC0016CB10 /* MovieRepository.swift in Sources */ = {isa = PBXBuildFile; fileRef = 195A7E032C88B6CC0016CB10 /* MovieRepository.swift */; };
		195A7E062C88B6E40016CB10 /* LocalMovieRepository.swift in Sources */ = {isa = PBXBuildFile; fileRef = 195A7E052C88B6E40016CB10 /* LocalMovieRepository.swift */; };
		195A7E082C88B94C0016CB10 /* IMDBMovieRepository.swift in Sources */ = {isa = PBXBuildFile; fileRef = 195A7E072C88B94C0016CB10 /* IMDBMovieRepository.swift */; };
		195A7E0E2C88B98B0016CB10 /* HomeViewModel.swift in Sources */ = {isa = PBXBuildFile; fileRef = 195A7E0D2C88B98B0016CB10 /* HomeViewModel.swift */; };
		195A7E112C88B9AE0016CB10 /* Font+Extensions.swift in Sources */ = {isa = PBXBuildFile; fileRef = 195A7E102C88B9AE0016CB10 /* Font+Extensions.swift */; };
		195A7E132C88DB6D0016CB10 /* TabbedView.swift in Sources */ = {isa = PBXBuildFile; fileRef = 195A7E122C88DB6D0016CB10 /* TabbedView.swift */; };
		195A7E162C8921F70016CB10 /* Category.swift in Sources */ = {isa = PBXBuildFile; fileRef = 195A7E152C8921F70016CB10 /* Category.swift */; };
		195A7E182C89220B0016CB10 /* MoviesResponse.swift in Sources */ = {isa = PBXBuildFile; fileRef = 195A7E172C89220B0016CB10 /* MoviesResponse.swift */; };
		195A7E1A2C8922350016CB10 /* MovieGrid.swift in Sources */ = {isa = PBXBuildFile; fileRef = 195A7E192C8922350016CB10 /* MovieGrid.swift */; };
		195A7E1C2C8922480016CB10 /* MovieListHorizontal.swift in Sources */ = {isa = PBXBuildFile; fileRef = 195A7E1B2C8922480016CB10 /* MovieListHorizontal.swift */; };
		195A7E1F2C8922DB0016CB10 /* Tab.swift in Sources */ = {isa = PBXBuildFile; fileRef = 195A7E1E2C8922DA0016CB10 /* Tab.swift */; };
		195A7E222C892D6E0016CB10 /* DetailView.swift in Sources */ = {isa = PBXBuildFile; fileRef = 195A7E212C892D6E0016CB10 /* DetailView.swift */; };
		195A7E252C89CFA00016CB10 /* IMDBAsyncImage.swift in Sources */ = {isa = PBXBuildFile; fileRef = 195A7E242C89CFA00016CB10 /* IMDBAsyncImage.swift */; };
		195A7E272C89D2EA0016CB10 /* Date+Extensions.swift in Sources */ = {isa = PBXBuildFile; fileRef = 195A7E262C89D2EA0016CB10 /* Date+Extensions.swift */; };
		195A7E292C89D60C0016CB10 /* DetailViewModel.swift in Sources */ = {isa = PBXBuildFile; fileRef = 195A7E282C89D60C0016CB10 /* DetailViewModel.swift */; };
		195A7E2D2C89DB110016CB10 /* ReviewView.swift in Sources */ = {isa = PBXBuildFile; fileRef = 195A7E2C2C89DB110016CB10 /* ReviewView.swift */; };
		195A7E2F2C89DB2C0016CB10 /* Rating.swift in Sources */ = {isa = PBXBuildFile; fileRef = 195A7E2E2C89DB2C0016CB10 /* Rating.swift */; };
		195A7E312C89DB430016CB10 /* SegmentedDetails.swift in Sources */ = {isa = PBXBuildFile; fileRef = 195A7E302C89DB430016CB10 /* SegmentedDetails.swift */; };
		195A7E332C89DD350016CB10 /* Color+Extensions.swift in Sources */ = {isa = PBXBuildFile; fileRef = 195A7E322C89DD350016CB10 /* Color+Extensions.swift */; };
		195A7E352C89ED150016CB10 /* SegmentedView.swift in Sources */ = {isa = PBXBuildFile; fileRef = 195A7E342C89ED150016CB10 /* SegmentedView.swift */; };
		195A7E372C8A11E90016CB10 /* MovieListItem.swift in Sources */ = {isa = PBXBuildFile; fileRef = 195A7E362C8A11E90016CB10 /* MovieListItem.swift */; };
		195A7E3A2C8A120B0016CB10 /* SearchOverlay.swift in Sources */ = {isa = PBXBuildFile; fileRef = 195A7E392C8A120B0016CB10 /* SearchOverlay.swift */; };
		195A7E3C2C8A12290016CB10 /* SearchViewModel.swift in Sources */ = {isa = PBXBuildFile; fileRef = 195A7E3B2C8A12290016CB10 /* SearchViewModel.swift */; };
		195A7E3E2C8A14960016CB10 /* Search.swift in Sources */ = {isa = PBXBuildFile; fileRef = 195A7E3D2C8A14960016CB10 /* Search.swift */; };
		195A7E412C8A1D520016CB10 /* WatchList.swift in Sources */ = {isa = PBXBuildFile; fileRef = 195A7E402C8A1D520016CB10 /* WatchList.swift */; };
		195A7E432C8A1D5D0016CB10 /* WatchListViewModel.swift in Sources */ = {isa = PBXBuildFile; fileRef = 195A7E422C8A1D5D0016CB10 /* WatchListViewModel.swift */; };
		195A7E452C8A21400016CB10 /* VideosResponse.swift in Sources */ = {isa = PBXBuildFile; fileRef = 195A7E442C8A21400016CB10 /* VideosResponse.swift */; };
		195A7E472C8A21500016CB10 /* Video.swift in Sources */ = {isa = PBXBuildFile; fileRef = 195A7E462C8A21500016CB10 /* Video.swift */; };
		195A7E492C8A21680016CB10 /* ReviewsResponse.swift in Sources */ = {isa = PBXBuildFile; fileRef = 195A7E482C8A21680016CB10 /* ReviewsResponse.swift */; };
		195A7E4B2C8A217C0016CB10 /* Review.swift in Sources */ = {isa = PBXBuildFile; fileRef = 195A7E4A2C8A217C0016CB10 /* Review.swift */; };
		195A7E4D2C8A21890016CB10 /* AuthorDetails.swift in Sources */ = {isa = PBXBuildFile; fileRef = 195A7E4C2C8A21890016CB10 /* AuthorDetails.swift */; };
		195A7E4F2C8A219B0016CB10 /* CreditsResponse.swift in Sources */ = {isa = PBXBuildFile; fileRef = 195A7E4E2C8A219B0016CB10 /* CreditsResponse.swift */; };
		195A7E512C8A21A80016CB10 /* Cast.swift in Sources */ = {isa = PBXBuildFile; fileRef = 195A7E502C8A21A80016CB10 /* Cast.swift */; };
		195A7E552C8A21E20016CB10 /* WatchListRepository.swift in Sources */ = {isa = PBXBuildFile; fileRef = 195A7E542C8A21E20016CB10 /* WatchListRepository.swift */; };
		195A7E572C8A220F0016CB10 /* JSONWatchListRespository.swift in Sources */ = {isa = PBXBuildFile; fileRef = 195A7E562C8A220F0016CB10 /* JSONWatchListRespository.swift */; };
		195A7E592C8A22370016CB10 /* LocalWatchListRepository.swift in Sources */ = {isa = PBXBuildFile; fileRef = 195A7E582C8A22370016CB10 /* LocalWatchListRepository.swift */; };
		195A7E5B2C8A2E940016CB10 /* YouTubeView.swift in Sources */ = {isa = PBXBuildFile; fileRef = 195A7E5A2C8A2E940016CB10 /* YouTubeView.swift */; };
/* End PBXBuildFile section */

/* Begin PBXContainerItemProxy section */
		195A7DBA2C87ADE60016CB10 /* PBXContainerItemProxy */ = {
			isa = PBXContainerItemProxy;
			containerPortal = 195A7DA12C87ADE40016CB10 /* Project object */;
			proxyType = 1;
			remoteGlobalIDString = 195A7DA82C87ADE40016CB10;
			remoteInfo = Movies;
		};
		195A7DC42C87ADE60016CB10 /* PBXContainerItemProxy */ = {
			isa = PBXContainerItemProxy;
			containerPortal = 195A7DA12C87ADE40016CB10 /* Project object */;
			proxyType = 1;
			remoteGlobalIDString = 195A7DA82C87ADE40016CB10;
			remoteInfo = Movies;
		};
/* End PBXContainerItemProxy section */

/* Begin PBXFileReference section */
		195A7DA92C87ADE40016CB10 /* Movies.app */ = {isa = PBXFileReference; explicitFileType = wrapper.application; includeInIndex = 0; path = Movies.app; sourceTree = BUILT_PRODUCTS_DIR; };
		195A7DAC2C87ADE40016CB10 /* MoviesApp.swift */ = {isa = PBXFileReference; lastKnownFileType = sourcecode.swift; path = MoviesApp.swift; sourceTree = "<group>"; };
		195A7DAE2C87ADE40016CB10 /* HomeView.swift */ = {isa = PBXFileReference; lastKnownFileType = sourcecode.swift; path = HomeView.swift; sourceTree = "<group>"; };
		195A7DB02C87ADE60016CB10 /* Assets.xcassets */ = {isa = PBXFileReference; lastKnownFileType = folder.assetcatalog; path = Assets.xcassets; sourceTree = "<group>"; };
		195A7DB32C87ADE60016CB10 /* Preview Assets.xcassets */ = {isa = PBXFileReference; lastKnownFileType = folder.assetcatalog; path = "Preview Assets.xcassets"; sourceTree = "<group>"; };
		195A7DB92C87ADE60016CB10 /* MoviesTests.xctest */ = {isa = PBXFileReference; explicitFileType = wrapper.cfbundle; includeInIndex = 0; path = MoviesTests.xctest; sourceTree = BUILT_PRODUCTS_DIR; };
		195A7DBD2C87ADE60016CB10 /* DetailsViewModelTests.swift */ = {isa = PBXFileReference; lastKnownFileType = sourcecode.swift; path = DetailsViewModelTests.swift; sourceTree = "<group>"; };
		195A7DC32C87ADE60016CB10 /* MoviesUITests.xctest */ = {isa = PBXFileReference; explicitFileType = wrapper.cfbundle; includeInIndex = 0; path = MoviesUITests.xctest; sourceTree = BUILT_PRODUCTS_DIR; };
		195A7DC72C87ADE60016CB10 /* MoviesUITests.swift */ = {isa = PBXFileReference; lastKnownFileType = sourcecode.swift; path = MoviesUITests.swift; sourceTree = "<group>"; };
		195A7DC92C87ADE60016CB10 /* MoviesUITestsLaunchTests.swift */ = {isa = PBXFileReference; lastKnownFileType = sourcecode.swift; path = MoviesUITestsLaunchTests.swift; sourceTree = "<group>"; };
		195A7DE62C87CFC90016CB10 /* Poppins-SemiBold.ttf */ = {isa = PBXFileReference; lastKnownFileType = file; path = "Poppins-SemiBold.ttf"; sourceTree = "<group>"; };
		195A7DE82C87CFC90016CB10 /* Poppins-Regular.ttf */ = {isa = PBXFileReference; lastKnownFileType = file; path = "Poppins-Regular.ttf"; sourceTree = "<group>"; };
		195A7DFB2C87D00A0016CB10 /* Info.plist */ = {isa = PBXFileReference; lastKnownFileType = text.plist; path = Info.plist; sourceTree = "<group>"; };
		195A7DFE2C88B6780016CB10 /* Genre.swift */ = {isa = PBXFileReference; lastKnownFileType = sourcecode.swift; path = Genre.swift; sourceTree = "<group>"; };
		195A7E002C88B6A70016CB10 /* Movie.swift */ = {isa = PBXFileReference; lastKnownFileType = sourcecode.swift; path = Movie.swift; sourceTree = "<group>"; };
		195A7E032C88B6CC0016CB10 /* MovieRepository.swift */ = {isa = PBXFileReference; lastKnownFileType = sourcecode.swift; path = MovieRepository.swift; sourceTree = "<group>"; };
		195A7E052C88B6E40016CB10 /* LocalMovieRepository.swift */ = {isa = PBXFileReference; lastKnownFileType = sourcecode.swift; path = LocalMovieRepository.swift; sourceTree = "<group>"; };
		195A7E072C88B94C0016CB10 /* IMDBMovieRepository.swift */ = {isa = PBXFileReference; lastKnownFileType = sourcecode.swift; path = IMDBMovieRepository.swift; sourceTree = "<group>"; };
		195A7E0D2C88B98B0016CB10 /* HomeViewModel.swift */ = {isa = PBXFileReference; lastKnownFileType = sourcecode.swift; path = HomeViewModel.swift; sourceTree = "<group>"; };
		195A7E102C88B9AE0016CB10 /* Font+Extensions.swift */ = {isa = PBXFileReference; lastKnownFileType = sourcecode.swift; path = "Font+Extensions.swift"; sourceTree = "<group>"; };
		195A7E122C88DB6D0016CB10 /* TabbedView.swift */ = {isa = PBXFileReference; lastKnownFileType = sourcecode.swift; path = TabbedView.swift; sourceTree = "<group>"; };
		195A7E142C88F5930016CB10 /* IMDB.xcconfig */ = {isa = PBXFileReference; lastKnownFileType = text.xcconfig; path = IMDB.xcconfig; sourceTree = "<group>"; };
		195A7E152C8921F70016CB10 /* Category.swift */ = {isa = PBXFileReference; lastKnownFileType = sourcecode.swift; path = Category.swift; sourceTree = "<group>"; };
		195A7E172C89220B0016CB10 /* MoviesResponse.swift */ = {isa = PBXFileReference; lastKnownFileType = sourcecode.swift; path = MoviesResponse.swift; sourceTree = "<group>"; };
		195A7E192C8922350016CB10 /* MovieGrid.swift */ = {isa = PBXFileReference; lastKnownFileType = sourcecode.swift; path = MovieGrid.swift; sourceTree = "<group>"; };
		195A7E1B2C8922480016CB10 /* MovieListHorizontal.swift */ = {isa = PBXFileReference; lastKnownFileType = sourcecode.swift; path = MovieListHorizontal.swift; sourceTree = "<group>"; };
		195A7E1E2C8922DA0016CB10 /* Tab.swift */ = {isa = PBXFileReference; lastKnownFileType = sourcecode.swift; path = Tab.swift; sourceTree = "<group>"; };
		195A7E212C892D6E0016CB10 /* DetailView.swift */ = {isa = PBXFileReference; lastKnownFileType = sourcecode.swift; path = DetailView.swift; sourceTree = "<group>"; };
		195A7E242C89CFA00016CB10 /* IMDBAsyncImage.swift */ = {isa = PBXFileReference; lastKnownFileType = sourcecode.swift; path = IMDBAsyncImage.swift; sourceTree = "<group>"; };
		195A7E262C89D2EA0016CB10 /* Date+Extensions.swift */ = {isa = PBXFileReference; lastKnownFileType = sourcecode.swift; path = "Date+Extensions.swift"; sourceTree = "<group>"; };
		195A7E282C89D60C0016CB10 /* DetailViewModel.swift */ = {isa = PBXFileReference; lastKnownFileType = sourcecode.swift; path = DetailViewModel.swift; sourceTree = "<group>"; };
		195A7E2C2C89DB110016CB10 /* ReviewView.swift */ = {isa = PBXFileReference; lastKnownFileType = sourcecode.swift; path = ReviewView.swift; sourceTree = "<group>"; };
		195A7E2E2C89DB2C0016CB10 /* Rating.swift */ = {isa = PBXFileReference; lastKnownFileType = sourcecode.swift; path = Rating.swift; sourceTree = "<group>"; };
		195A7E302C89DB430016CB10 /* SegmentedDetails.swift */ = {isa = PBXFileReference; lastKnownFileType = sourcecode.swift; path = SegmentedDetails.swift; sourceTree = "<group>"; };
		195A7E322C89DD350016CB10 /* Color+Extensions.swift */ = {isa = PBXFileReference; lastKnownFileType = sourcecode.swift; path = "Color+Extensions.swift"; sourceTree = "<group>"; };
		195A7E342C89ED150016CB10 /* SegmentedView.swift */ = {isa = PBXFileReference; lastKnownFileType = sourcecode.swift; path = SegmentedView.swift; sourceTree = "<group>"; };
		195A7E362C8A11E90016CB10 /* MovieListItem.swift */ = {isa = PBXFileReference; lastKnownFileType = sourcecode.swift; path = MovieListItem.swift; sourceTree = "<group>"; };
		195A7E392C8A120B0016CB10 /* SearchOverlay.swift */ = {isa = PBXFileReference; lastKnownFileType = sourcecode.swift; path = SearchOverlay.swift; sourceTree = "<group>"; };
		195A7E3B2C8A12290016CB10 /* SearchViewModel.swift */ = {isa = PBXFileReference; lastKnownFileType = sourcecode.swift; path = SearchViewModel.swift; sourceTree = "<group>"; };
		195A7E3D2C8A14960016CB10 /* Search.swift */ = {isa = PBXFileReference; lastKnownFileType = sourcecode.swift; path = Search.swift; sourceTree = "<group>"; };
		195A7E402C8A1D520016CB10 /* WatchList.swift */ = {isa = PBXFileReference; lastKnownFileType = sourcecode.swift; path = WatchList.swift; sourceTree = "<group>"; };
		195A7E422C8A1D5D0016CB10 /* WatchListViewModel.swift */ = {isa = PBXFileReference; lastKnownFileType = sourcecode.swift; path = WatchListViewModel.swift; sourceTree = "<group>"; };
		195A7E442C8A21400016CB10 /* VideosResponse.swift */ = {isa = PBXFileReference; lastKnownFileType = sourcecode.swift; path = VideosResponse.swift; sourceTree = "<group>"; };
		195A7E462C8A21500016CB10 /* Video.swift */ = {isa = PBXFileReference; lastKnownFileType = sourcecode.swift; path = Video.swift; sourceTree = "<group>"; };
		195A7E482C8A21680016CB10 /* ReviewsResponse.swift */ = {isa = PBXFileReference; lastKnownFileType = sourcecode.swift; path = ReviewsResponse.swift; sourceTree = "<group>"; };
		195A7E4A2C8A217C0016CB10 /* Review.swift */ = {isa = PBXFileReference; lastKnownFileType = sourcecode.swift; path = Review.swift; sourceTree = "<group>"; };
		195A7E4C2C8A21890016CB10 /* AuthorDetails.swift */ = {isa = PBXFileReference; lastKnownFileType = sourcecode.swift; path = AuthorDetails.swift; sourceTree = "<group>"; };
		195A7E4E2C8A219B0016CB10 /* CreditsResponse.swift */ = {isa = PBXFileReference; lastKnownFileType = sourcecode.swift; path = CreditsResponse.swift; sourceTree = "<group>"; };
		195A7E502C8A21A80016CB10 /* Cast.swift */ = {isa = PBXFileReference; lastKnownFileType = sourcecode.swift; path = Cast.swift; sourceTree = "<group>"; };
		195A7E542C8A21E20016CB10 /* WatchListRepository.swift */ = {isa = PBXFileReference; lastKnownFileType = sourcecode.swift; path = WatchListRepository.swift; sourceTree = "<group>"; };
		195A7E562C8A220F0016CB10 /* JSONWatchListRespository.swift */ = {isa = PBXFileReference; lastKnownFileType = sourcecode.swift; path = JSONWatchListRespository.swift; sourceTree = "<group>"; };
		195A7E582C8A22370016CB10 /* LocalWatchListRepository.swift */ = {isa = PBXFileReference; lastKnownFileType = sourcecode.swift; path = LocalWatchListRepository.swift; sourceTree = "<group>"; };
		195A7E5A2C8A2E940016CB10 /* YouTubeView.swift */ = {isa = PBXFileReference; lastKnownFileType = sourcecode.swift; path = YouTubeView.swift; sourceTree = "<group>"; };
/* End PBXFileReference section */

/* Begin PBXFrameworksBuildPhase section */
		195A7DA62C87ADE40016CB10 /* Frameworks */ = {
			isa = PBXFrameworksBuildPhase;
			buildActionMask = 2147483647;
			files = (
			);
			runOnlyForDeploymentPostprocessing = 0;
		};
		195A7DB62C87ADE60016CB10 /* Frameworks */ = {
			isa = PBXFrameworksBuildPhase;
			buildActionMask = 2147483647;
			files = (
			);
			runOnlyForDeploymentPostprocessing = 0;
		};
		195A7DC02C87ADE60016CB10 /* Frameworks */ = {
			isa = PBXFrameworksBuildPhase;
			buildActionMask = 2147483647;
			files = (
			);
			runOnlyForDeploymentPostprocessing = 0;
		};
/* End PBXFrameworksBuildPhase section */

/* Begin PBXGroup section */
		195A7DA02C87ADE40016CB10 = {
			isa = PBXGroup;
			children = (
				195A7DAB2C87ADE40016CB10 /* Movies */,
				195A7DBC2C87ADE60016CB10 /* MoviesTests */,
				195A7DC62C87ADE60016CB10 /* MoviesUITests */,
				195A7DAA2C87ADE40016CB10 /* Products */,
			);
			sourceTree = "<group>";
		};
		195A7DAA2C87ADE40016CB10 /* Products */ = {
			isa = PBXGroup;
			children = (
				195A7DA92C87ADE40016CB10 /* Movies.app */,
				195A7DB92C87ADE60016CB10 /* MoviesTests.xctest */,
				195A7DC32C87ADE60016CB10 /* MoviesUITests.xctest */,
			);
			name = Products;
			sourceTree = "<group>";
		};
		195A7DAB2C87ADE40016CB10 /* Movies */ = {
			isa = PBXGroup;
			children = (
				195A7E232C89CF810016CB10 /* Components */,
				195A7E0F2C88B99C0016CB10 /* Extensions */,
				195A7E092C88B9660016CB10 /* Features */,
				195A7E022C88B6B90016CB10 /* Repositories */,
				195A7DFD2C88B6680016CB10 /* Models */,
				195A7DFB2C87D00A0016CB10 /* Info.plist */,
				195A7DD62C87CF760016CB10 /* Fonts */,
				195A7DAC2C87ADE40016CB10 /* MoviesApp.swift */,
				195A7DB02C87ADE60016CB10 /* Assets.xcassets */,
				195A7DB22C87ADE60016CB10 /* Preview Content */,
				195A7E142C88F5930016CB10 /* IMDB.xcconfig */,
			);
			path = Movies;
			sourceTree = "<group>";
		};
		195A7DB22C87ADE60016CB10 /* Preview Content */ = {
			isa = PBXGroup;
			children = (
				195A7DB32C87ADE60016CB10 /* Preview Assets.xcassets */,
			);
			path = "Preview Content";
			sourceTree = "<group>";
		};
		195A7DBC2C87ADE60016CB10 /* MoviesTests */ = {
			isa = PBXGroup;
			children = (
				195A7DBD2C87ADE60016CB10 /* DetailsViewModelTests.swift */,
			);
			path = MoviesTests;
			sourceTree = "<group>";
		};
		195A7DC62C87ADE60016CB10 /* MoviesUITests */ = {
			isa = PBXGroup;
			children = (
				195A7DC72C87ADE60016CB10 /* MoviesUITests.swift */,
				195A7DC92C87ADE60016CB10 /* MoviesUITestsLaunchTests.swift */,
			);
			path = MoviesUITests;
			sourceTree = "<group>";
		};
		195A7DD62C87CF760016CB10 /* Fonts */ = {
			isa = PBXGroup;
			children = (
				195A7DE82C87CFC90016CB10 /* Poppins-Regular.ttf */,
				195A7DE62C87CFC90016CB10 /* Poppins-SemiBold.ttf */,
			);
			path = Fonts;
			sourceTree = "<group>";
		};
		195A7DFD2C88B6680016CB10 /* Models */ = {
			isa = PBXGroup;
			children = (
				195A7DFE2C88B6780016CB10 /* Genre.swift */,
				195A7E002C88B6A70016CB10 /* Movie.swift */,
				195A7E172C89220B0016CB10 /* MoviesResponse.swift */,
				195A7E442C8A21400016CB10 /* VideosResponse.swift */,
				195A7E462C8A21500016CB10 /* Video.swift */,
				195A7E482C8A21680016CB10 /* ReviewsResponse.swift */,
				195A7E4A2C8A217C0016CB10 /* Review.swift */,
				195A7E4C2C8A21890016CB10 /* AuthorDetails.swift */,
				195A7E4E2C8A219B0016CB10 /* CreditsResponse.swift */,
				195A7E502C8A21A80016CB10 /* Cast.swift */,
			);
			path = Models;
			sourceTree = "<group>";
		};
		195A7E022C88B6B90016CB10 /* Repositories */ = {
			isa = PBXGroup;
			children = (
				195A7E532C8A21D20016CB10 /* WatchListRepository */,
				195A7E522C8A21C70016CB10 /* MovieRepository */,
			);
			path = Repositories;
			sourceTree = "<group>";
		};
		195A7E092C88B9660016CB10 /* Features */ = {
			isa = PBXGroup;
			children = (
				195A7E3F2C8A1D450016CB10 /* WatchList */,
				195A7E382C8A11FC0016CB10 /* Search */,
				195A7E202C892D620016CB10 /* Detail */,
				195A7E1D2C8922B30016CB10 /* Tab */,
				195A7E0A2C88B96C0016CB10 /* Home */,
			);
			path = Features;
			sourceTree = "<group>";
		};
		195A7E0A2C88B96C0016CB10 /* Home */ = {
			isa = PBXGroup;
			children = (
				195A7E152C8921F70016CB10 /* Category.swift */,
				195A7DAE2C87ADE40016CB10 /* HomeView.swift */,
				195A7E0D2C88B98B0016CB10 /* HomeViewModel.swift */,
				195A7E192C8922350016CB10 /* MovieGrid.swift */,
				195A7E1B2C8922480016CB10 /* MovieListHorizontal.swift */,
			);
			path = Home;
			sourceTree = "<group>";
		};
		195A7E0F2C88B99C0016CB10 /* Extensions */ = {
			isa = PBXGroup;
			children = (
				195A7E102C88B9AE0016CB10 /* Font+Extensions.swift */,
				195A7E262C89D2EA0016CB10 /* Date+Extensions.swift */,
				195A7E322C89DD350016CB10 /* Color+Extensions.swift */,
			);
			path = Extensions;
			sourceTree = "<group>";
		};
		195A7E1D2C8922B30016CB10 /* Tab */ = {
			isa = PBXGroup;
			children = (
				195A7E122C88DB6D0016CB10 /* TabbedView.swift */,
				195A7E1E2C8922DA0016CB10 /* Tab.swift */,
			);
			path = Tab;
			sourceTree = "<group>";
		};
		195A7E202C892D620016CB10 /* Detail */ = {
			isa = PBXGroup;
			children = (
				195A7E212C892D6E0016CB10 /* DetailView.swift */,
				195A7E282C89D60C0016CB10 /* DetailViewModel.swift */,
				195A7E2C2C89DB110016CB10 /* ReviewView.swift */,
				195A7E2E2C89DB2C0016CB10 /* Rating.swift */,
				195A7E302C89DB430016CB10 /* SegmentedDetails.swift */,
			);
			path = Detail;
			sourceTree = "<group>";
		};
		195A7E232C89CF810016CB10 /* Components */ = {
			isa = PBXGroup;
			children = (
				195A7E242C89CFA00016CB10 /* IMDBAsyncImage.swift */,
				195A7E342C89ED150016CB10 /* SegmentedView.swift */,
				195A7E362C8A11E90016CB10 /* MovieListItem.swift */,
				195A7E5A2C8A2E940016CB10 /* YouTubeView.swift */,
			);
			path = Components;
			sourceTree = "<group>";
		};
		195A7E382C8A11FC0016CB10 /* Search */ = {
			isa = PBXGroup;
			children = (
				195A7E392C8A120B0016CB10 /* SearchOverlay.swift */,
				195A7E3B2C8A12290016CB10 /* SearchViewModel.swift */,
				195A7E3D2C8A14960016CB10 /* Search.swift */,
			);
			path = Search;
			sourceTree = "<group>";
		};
		195A7E3F2C8A1D450016CB10 /* WatchList */ = {
			isa = PBXGroup;
			children = (
				195A7E402C8A1D520016CB10 /* WatchList.swift */,
				195A7E422C8A1D5D0016CB10 /* WatchListViewModel.swift */,
			);
			path = WatchList;
			sourceTree = "<group>";
		};
		195A7E522C8A21C70016CB10 /* MovieRepository */ = {
			isa = PBXGroup;
			children = (
				195A7E032C88B6CC0016CB10 /* MovieRepository.swift */,
				195A7E052C88B6E40016CB10 /* LocalMovieRepository.swift */,
				195A7E072C88B94C0016CB10 /* IMDBMovieRepository.swift */,
			);
			path = MovieRepository;
			sourceTree = "<group>";
		};
		195A7E532C8A21D20016CB10 /* WatchListRepository */ = {
			isa = PBXGroup;
			children = (
				195A7E542C8A21E20016CB10 /* WatchListRepository.swift */,
				195A7E562C8A220F0016CB10 /* JSONWatchListRespository.swift */,
				195A7E582C8A22370016CB10 /* LocalWatchListRepository.swift */,
			);
			path = WatchListRepository;
			sourceTree = "<group>";
		};
/* End PBXGroup section */

/* Begin PBXNativeTarget section */
		195A7DA82C87ADE40016CB10 /* Movies */ = {
			isa = PBXNativeTarget;
			buildConfigurationList = 195A7DCD2C87ADE60016CB10 /* Build configuration list for PBXNativeTarget "Movies" */;
			buildPhases = (
				195A7DA52C87ADE40016CB10 /* Sources */,
				195A7DA62C87ADE40016CB10 /* Frameworks */,
				195A7DA72C87ADE40016CB10 /* Resources */,
			);
			buildRules = (
			);
			dependencies = (
			);
			name = Movies;
			productName = Movies;
			productReference = 195A7DA92C87ADE40016CB10 /* Movies.app */;
			productType = "com.apple.product-type.application";
		};
		195A7DB82C87ADE60016CB10 /* MoviesTests */ = {
			isa = PBXNativeTarget;
			buildConfigurationList = 195A7DD02C87ADE60016CB10 /* Build configuration list for PBXNativeTarget "MoviesTests" */;
			buildPhases = (
				195A7DB52C87ADE60016CB10 /* Sources */,
				195A7DB62C87ADE60016CB10 /* Frameworks */,
				195A7DB72C87ADE60016CB10 /* Resources */,
			);
			buildRules = (
			);
			dependencies = (
				195A7DBB2C87ADE60016CB10 /* PBXTargetDependency */,
			);
			name = MoviesTests;
			productName = MoviesTests;
			productReference = 195A7DB92C87ADE60016CB10 /* MoviesTests.xctest */;
			productType = "com.apple.product-type.bundle.unit-test";
		};
		195A7DC22C87ADE60016CB10 /* MoviesUITests */ = {
			isa = PBXNativeTarget;
			buildConfigurationList = 195A7DD32C87ADE60016CB10 /* Build configuration list for PBXNativeTarget "MoviesUITests" */;
			buildPhases = (
				195A7DBF2C87ADE60016CB10 /* Sources */,
				195A7DC02C87ADE60016CB10 /* Frameworks */,
				195A7DC12C87ADE60016CB10 /* Resources */,
			);
			buildRules = (
			);
			dependencies = (
				195A7DC52C87ADE60016CB10 /* PBXTargetDependency */,
			);
			name = MoviesUITests;
			productName = MoviesUITests;
			productReference = 195A7DC32C87ADE60016CB10 /* MoviesUITests.xctest */;
			productType = "com.apple.product-type.bundle.ui-testing";
		};
/* End PBXNativeTarget section */

/* Begin PBXProject section */
		195A7DA12C87ADE40016CB10 /* Project object */ = {
			isa = PBXProject;
			attributes = {
				BuildIndependentTargetsInParallel = 1;
				LastSwiftUpdateCheck = 1530;
				LastUpgradeCheck = 1530;
				TargetAttributes = {
					195A7DA82C87ADE40016CB10 = {
						CreatedOnToolsVersion = 15.3;
					};
					195A7DB82C87ADE60016CB10 = {
						CreatedOnToolsVersion = 15.3;
						TestTargetID = 195A7DA82C87ADE40016CB10;
					};
					195A7DC22C87ADE60016CB10 = {
						CreatedOnToolsVersion = 15.3;
						TestTargetID = 195A7DA82C87ADE40016CB10;
					};
				};
			};
			buildConfigurationList = 195A7DA42C87ADE40016CB10 /* Build configuration list for PBXProject "Movies" */;
			compatibilityVersion = "Xcode 14.0";
			developmentRegion = en;
			hasScannedForEncodings = 0;
			knownRegions = (
				en,
				Base,
			);
			mainGroup = 195A7DA02C87ADE40016CB10;
			productRefGroup = 195A7DAA2C87ADE40016CB10 /* Products */;
			projectDirPath = "";
			projectRoot = "";
			targets = (
				195A7DA82C87ADE40016CB10 /* Movies */,
				195A7DB82C87ADE60016CB10 /* MoviesTests */,
				195A7DC22C87ADE60016CB10 /* MoviesUITests */,
			);
		};
/* End PBXProject section */

/* Begin PBXResourcesBuildPhase section */
		195A7DA72C87ADE40016CB10 /* Resources */ = {
			isa = PBXResourcesBuildPhase;
			buildActionMask = 2147483647;
			files = (
				195A7DB42C87ADE60016CB10 /* Preview Assets.xcassets in Resources */,
				195A7DF82C87CFCA0016CB10 /* Poppins-SemiBold.ttf in Resources */,
				195A7DB12C87ADE60016CB10 /* Assets.xcassets in Resources */,
				195A7DFA2C87CFCA0016CB10 /* Poppins-Regular.ttf in Resources */,
			);
			runOnlyForDeploymentPostprocessing = 0;
		};
		195A7DB72C87ADE60016CB10 /* Resources */ = {
			isa = PBXResourcesBuildPhase;
			buildActionMask = 2147483647;
			files = (
			);
			runOnlyForDeploymentPostprocessing = 0;
		};
		195A7DC12C87ADE60016CB10 /* Resources */ = {
			isa = PBXResourcesBuildPhase;
			buildActionMask = 2147483647;
			files = (
			);
			runOnlyForDeploymentPostprocessing = 0;
		};
/* End PBXResourcesBuildPhase section */

/* Begin PBXSourcesBuildPhase section */
		195A7DA52C87ADE40016CB10 /* Sources */ = {
			isa = PBXSourcesBuildPhase;
			buildActionMask = 2147483647;
			files = (
				195A7E112C88B9AE0016CB10 /* Font+Extensions.swift in Sources */,
				195A7E5B2C8A2E940016CB10 /* YouTubeView.swift in Sources */,
				195A7E372C8A11E90016CB10 /* MovieListItem.swift in Sources */,
				195A7DFF2C88B6780016CB10 /* Genre.swift in Sources */,
				195A7DAF2C87ADE40016CB10 /* HomeView.swift in Sources */,
				195A7E012C88B6A70016CB10 /* Movie.swift in Sources */,
				195A7E0E2C88B98B0016CB10 /* HomeViewModel.swift in Sources */,
				195A7E182C89220B0016CB10 /* MoviesResponse.swift in Sources */,
				195A7E042C88B6CC0016CB10 /* MovieRepository.swift in Sources */,
				195A7E452C8A21400016CB10 /* VideosResponse.swift in Sources */,
				195A7E292C89D60C0016CB10 /* DetailViewModel.swift in Sources */,
				195A7E132C88DB6D0016CB10 /* TabbedView.swift in Sources */,
				195A7E1C2C8922480016CB10 /* MovieListHorizontal.swift in Sources */,
				195A7E332C89DD350016CB10 /* Color+Extensions.swift in Sources */,
				195A7E4B2C8A217C0016CB10 /* Review.swift in Sources */,
				195A7E512C8A21A80016CB10 /* Cast.swift in Sources */,
				195A7E552C8A21E20016CB10 /* WatchListRepository.swift in Sources */,
				195A7E222C892D6E0016CB10 /* DetailView.swift in Sources */,
				195A7E3E2C8A14960016CB10 /* Search.swift in Sources */,
				195A7E3A2C8A120B0016CB10 /* SearchOverlay.swift in Sources */,
				195A7E062C88B6E40016CB10 /* LocalMovieRepository.swift in Sources */,
				195A7E4D2C8A21890016CB10 /* AuthorDetails.swift in Sources */,
				195A7E2D2C89DB110016CB10 /* ReviewView.swift in Sources */,
				195A7E272C89D2EA0016CB10 /* Date+Extensions.swift in Sources */,
				195A7E4F2C8A219B0016CB10 /* CreditsResponse.swift in Sources */,
				195A7E432C8A1D5D0016CB10 /* WatchListViewModel.swift in Sources */,
				195A7E082C88B94C0016CB10 /* IMDBMovieRepository.swift in Sources */,
				195A7E2F2C89DB2C0016CB10 /* Rating.swift in Sources */,
				195A7E1A2C8922350016CB10 /* MovieGrid.swift in Sources */,
				195A7E352C89ED150016CB10 /* SegmentedView.swift in Sources */,
				195A7E572C8A220F0016CB10 /* JSONWatchListRespository.swift in Sources */,
				195A7E252C89CFA00016CB10 /* IMDBAsyncImage.swift in Sources */,
				195A7E1F2C8922DB0016CB10 /* Tab.swift in Sources */,
				195A7DAD2C87ADE40016CB10 /* MoviesApp.swift in Sources */,
				195A7E492C8A21680016CB10 /* ReviewsResponse.swift in Sources */,
				195A7E3C2C8A12290016CB10 /* SearchViewModel.swift in Sources */,
				195A7E312C89DB430016CB10 /* SegmentedDetails.swift in Sources */,
				195A7E472C8A21500016CB10 /* Video.swift in Sources */,
				195A7E162C8921F70016CB10 /* Category.swift in Sources */,
				195A7E412C8A1D520016CB10 /* WatchList.swift in Sources */,
				195A7E592C8A22370016CB10 /* LocalWatchListRepository.swift in Sources */,
			);
			runOnlyForDeploymentPostprocessing = 0;
		};
		195A7DB52C87ADE60016CB10 /* Sources */ = {
			isa = PBXSourcesBuildPhase;
			buildActionMask = 2147483647;
			files = (
				195A7DBE2C87ADE60016CB10 /* DetailsViewModelTests.swift in Sources */,
			);
			runOnlyForDeploymentPostprocessing = 0;
		};
		195A7DBF2C87ADE60016CB10 /* Sources */ = {
			isa = PBXSourcesBuildPhase;
			buildActionMask = 2147483647;
			files = (
				195A7DC82C87ADE60016CB10 /* MoviesUITests.swift in Sources */,
				195A7DCA2C87ADE60016CB10 /* MoviesUITestsLaunchTests.swift in Sources */,
			);
			runOnlyForDeploymentPostprocessing = 0;
		};
/* End PBXSourcesBuildPhase section */

/* Begin PBXTargetDependency section */
		195A7DBB2C87ADE60016CB10 /* PBXTargetDependency */ = {
			isa = PBXTargetDependency;
			target = 195A7DA82C87ADE40016CB10 /* Movies */;
			targetProxy = 195A7DBA2C87ADE60016CB10 /* PBXContainerItemProxy */;
		};
		195A7DC52C87ADE60016CB10 /* PBXTargetDependency */ = {
			isa = PBXTargetDependency;
			target = 195A7DA82C87ADE40016CB10 /* Movies */;
			targetProxy = 195A7DC42C87ADE60016CB10 /* PBXContainerItemProxy */;
		};
/* End PBXTargetDependency section */

/* Begin XCBuildConfiguration section */
		195A7DCB2C87ADE60016CB10 /* Debug */ = {
			isa = XCBuildConfiguration;
			baseConfigurationReference = 195A7E142C88F5930016CB10 /* IMDB.xcconfig */;
			buildSettings = {
				ALWAYS_SEARCH_USER_PATHS = NO;
				ASSETCATALOG_COMPILER_GENERATE_SWIFT_ASSET_SYMBOL_EXTENSIONS = YES;
				CLANG_ANALYZER_NONNULL = YES;
				CLANG_ANALYZER_NUMBER_OBJECT_CONVERSION = YES_AGGRESSIVE;
				CLANG_CXX_LANGUAGE_STANDARD = "gnu++20";
				CLANG_ENABLE_MODULES = YES;
				CLANG_ENABLE_OBJC_ARC = YES;
				CLANG_ENABLE_OBJC_WEAK = YES;
				CLANG_WARN_BLOCK_CAPTURE_AUTORELEASING = YES;
				CLANG_WARN_BOOL_CONVERSION = YES;
				CLANG_WARN_COMMA = YES;
				CLANG_WARN_CONSTANT_CONVERSION = YES;
				CLANG_WARN_DEPRECATED_OBJC_IMPLEMENTATIONS = YES;
				CLANG_WARN_DIRECT_OBJC_ISA_USAGE = YES_ERROR;
				CLANG_WARN_DOCUMENTATION_COMMENTS = YES;
				CLANG_WARN_EMPTY_BODY = YES;
				CLANG_WARN_ENUM_CONVERSION = YES;
				CLANG_WARN_INFINITE_RECURSION = YES;
				CLANG_WARN_INT_CONVERSION = YES;
				CLANG_WARN_NON_LITERAL_NULL_CONVERSION = YES;
				CLANG_WARN_OBJC_IMPLICIT_RETAIN_SELF = YES;
				CLANG_WARN_OBJC_LITERAL_CONVERSION = YES;
				CLANG_WARN_OBJC_ROOT_CLASS = YES_ERROR;
				CLANG_WARN_QUOTED_INCLUDE_IN_FRAMEWORK_HEADER = YES;
				CLANG_WARN_RANGE_LOOP_ANALYSIS = YES;
				CLANG_WARN_STRICT_PROTOTYPES = YES;
				CLANG_WARN_SUSPICIOUS_MOVE = YES;
				CLANG_WARN_UNGUARDED_AVAILABILITY = YES_AGGRESSIVE;
				CLANG_WARN_UNREACHABLE_CODE = YES;
				CLANG_WARN__DUPLICATE_METHOD_MATCH = YES;
				COPY_PHASE_STRIP = NO;
				DEBUG_INFORMATION_FORMAT = dwarf;
				ENABLE_STRICT_OBJC_MSGSEND = YES;
				ENABLE_TESTABILITY = YES;
				ENABLE_USER_SCRIPT_SANDBOXING = YES;
				GCC_C_LANGUAGE_STANDARD = gnu17;
				GCC_DYNAMIC_NO_PIC = NO;
				GCC_NO_COMMON_BLOCKS = YES;
				GCC_OPTIMIZATION_LEVEL = 0;
				GCC_PREPROCESSOR_DEFINITIONS = (
					"DEBUG=1",
					"$(inherited)",
				);
				GCC_WARN_64_TO_32_BIT_CONVERSION = YES;
				GCC_WARN_ABOUT_RETURN_TYPE = YES_ERROR;
				GCC_WARN_UNDECLARED_SELECTOR = YES;
				GCC_WARN_UNINITIALIZED_AUTOS = YES_AGGRESSIVE;
				GCC_WARN_UNUSED_FUNCTION = YES;
				GCC_WARN_UNUSED_VARIABLE = YES;
				IPHONEOS_DEPLOYMENT_TARGET = 17.4;
				LOCALIZATION_PREFERS_STRING_CATALOGS = YES;
				MTL_ENABLE_DEBUG_INFO = INCLUDE_SOURCE;
				MTL_FAST_MATH = YES;
				ONLY_ACTIVE_ARCH = YES;
				SDKROOT = iphoneos;
				SWIFT_ACTIVE_COMPILATION_CONDITIONS = "DEBUG $(inherited)";
				SWIFT_OPTIMIZATION_LEVEL = "-Onone";
			};
			name = Debug;
		};
		195A7DCC2C87ADE60016CB10 /* Release */ = {
			isa = XCBuildConfiguration;
			baseConfigurationReference = 195A7E142C88F5930016CB10 /* IMDB.xcconfig */;
			buildSettings = {
				ALWAYS_SEARCH_USER_PATHS = NO;
				ASSETCATALOG_COMPILER_GENERATE_SWIFT_ASSET_SYMBOL_EXTENSIONS = YES;
				CLANG_ANALYZER_NONNULL = YES;
				CLANG_ANALYZER_NUMBER_OBJECT_CONVERSION = YES_AGGRESSIVE;
				CLANG_CXX_LANGUAGE_STANDARD = "gnu++20";
				CLANG_ENABLE_MODULES = YES;
				CLANG_ENABLE_OBJC_ARC = YES;
				CLANG_ENABLE_OBJC_WEAK = YES;
				CLANG_WARN_BLOCK_CAPTURE_AUTORELEASING = YES;
				CLANG_WARN_BOOL_CONVERSION = YES;
				CLANG_WARN_COMMA = YES;
				CLANG_WARN_CONSTANT_CONVERSION = YES;
				CLANG_WARN_DEPRECATED_OBJC_IMPLEMENTATIONS = YES;
				CLANG_WARN_DIRECT_OBJC_ISA_USAGE = YES_ERROR;
				CLANG_WARN_DOCUMENTATION_COMMENTS = YES;
				CLANG_WARN_EMPTY_BODY = YES;
				CLANG_WARN_ENUM_CONVERSION = YES;
				CLANG_WARN_INFINITE_RECURSION = YES;
				CLANG_WARN_INT_CONVERSION = YES;
				CLANG_WARN_NON_LITERAL_NULL_CONVERSION = YES;
				CLANG_WARN_OBJC_IMPLICIT_RETAIN_SELF = YES;
				CLANG_WARN_OBJC_LITERAL_CONVERSION = YES;
				CLANG_WARN_OBJC_ROOT_CLASS = YES_ERROR;
				CLANG_WARN_QUOTED_INCLUDE_IN_FRAMEWORK_HEADER = YES;
				CLANG_WARN_RANGE_LOOP_ANALYSIS = YES;
				CLANG_WARN_STRICT_PROTOTYPES = YES;
				CLANG_WARN_SUSPICIOUS_MOVE = YES;
				CLANG_WARN_UNGUARDED_AVAILABILITY = YES_AGGRESSIVE;
				CLANG_WARN_UNREACHABLE_CODE = YES;
				CLANG_WARN__DUPLICATE_METHOD_MATCH = YES;
				COPY_PHASE_STRIP = NO;
				DEBUG_INFORMATION_FORMAT = "dwarf-with-dsym";
				ENABLE_NS_ASSERTIONS = NO;
				ENABLE_STRICT_OBJC_MSGSEND = YES;
				ENABLE_USER_SCRIPT_SANDBOXING = YES;
				GCC_C_LANGUAGE_STANDARD = gnu17;
				GCC_NO_COMMON_BLOCKS = YES;
				GCC_WARN_64_TO_32_BIT_CONVERSION = YES;
				GCC_WARN_ABOUT_RETURN_TYPE = YES_ERROR;
				GCC_WARN_UNDECLARED_SELECTOR = YES;
				GCC_WARN_UNINITIALIZED_AUTOS = YES_AGGRESSIVE;
				GCC_WARN_UNUSED_FUNCTION = YES;
				GCC_WARN_UNUSED_VARIABLE = YES;
				IPHONEOS_DEPLOYMENT_TARGET = 17.4;
				LOCALIZATION_PREFERS_STRING_CATALOGS = YES;
				MTL_ENABLE_DEBUG_INFO = NO;
				MTL_FAST_MATH = YES;
				SDKROOT = iphoneos;
				SWIFT_COMPILATION_MODE = wholemodule;
				VALIDATE_PRODUCT = YES;
			};
			name = Release;
		};
		195A7DCE2C87ADE60016CB10 /* Debug */ = {
			isa = XCBuildConfiguration;
			baseConfigurationReference = 195A7E142C88F5930016CB10 /* IMDB.xcconfig */;
			buildSettings = {
				ASSETCATALOG_COMPILER_APPICON_NAME = AppIcon;
				ASSETCATALOG_COMPILER_GLOBAL_ACCENT_COLOR_NAME = AccentColor;
				CODE_SIGN_STYLE = Automatic;
				CURRENT_PROJECT_VERSION = 1;
				DEVELOPMENT_ASSET_PATHS = "\"Movies/Preview Content\"";
				DEVELOPMENT_TEAM = GMW53CV982;
				ENABLE_PREVIEWS = YES;
				GENERATE_INFOPLIST_FILE = YES;
				INFOPLIST_FILE = Movies/Info.plist;
				INFOPLIST_KEY_UIApplicationSceneManifest_Generation = YES;
				INFOPLIST_KEY_UIApplicationSupportsIndirectInputEvents = YES;
				INFOPLIST_KEY_UILaunchScreen_Generation = YES;
				INFOPLIST_KEY_UISupportedInterfaceOrientations_iPad = "UIInterfaceOrientationPortrait UIInterfaceOrientationPortraitUpsideDown UIInterfaceOrientationLandscapeLeft UIInterfaceOrientationLandscapeRight";
				INFOPLIST_KEY_UISupportedInterfaceOrientations_iPhone = "UIInterfaceOrientationPortrait UIInterfaceOrientationLandscapeLeft UIInterfaceOrientationLandscapeRight";
				LD_RUNPATH_SEARCH_PATHS = (
					"$(inherited)",
					"@executable_path/Frameworks",
				);
				MARKETING_VERSION = 1.0;
				PRODUCT_BUNDLE_IDENTIFIER = com.namorosino.Movies;
				PRODUCT_NAME = "$(TARGET_NAME)";
				SWIFT_EMIT_LOC_STRINGS = YES;
				SWIFT_VERSION = 5.0;
				TARGETED_DEVICE_FAMILY = "1,2";
			};
			name = Debug;
		};
		195A7DCF2C87ADE60016CB10 /* Release */ = {
			isa = XCBuildConfiguration;
			baseConfigurationReference = 195A7E142C88F5930016CB10 /* IMDB.xcconfig */;
			buildSettings = {
				ASSETCATALOG_COMPILER_APPICON_NAME = AppIcon;
				ASSETCATALOG_COMPILER_GLOBAL_ACCENT_COLOR_NAME = AccentColor;
				CODE_SIGN_STYLE = Automatic;
				CURRENT_PROJECT_VERSION = 1;
				DEVELOPMENT_ASSET_PATHS = "\"Movies/Preview Content\"";
				DEVELOPMENT_TEAM = GMW53CV982;
				ENABLE_PREVIEWS = YES;
				GENERATE_INFOPLIST_FILE = YES;
				INFOPLIST_FILE = Movies/Info.plist;
				INFOPLIST_KEY_UIApplicationSceneManifest_Generation = YES;
				INFOPLIST_KEY_UIApplicationSupportsIndirectInputEvents = YES;
				INFOPLIST_KEY_UILaunchScreen_Generation = YES;
				INFOPLIST_KEY_UISupportedInterfaceOrientations_iPad = "UIInterfaceOrientationPortrait UIInterfaceOrientationPortraitUpsideDown UIInterfaceOrientationLandscapeLeft UIInterfaceOrientationLandscapeRight";
				INFOPLIST_KEY_UISupportedInterfaceOrientations_iPhone = "UIInterfaceOrientationPortrait UIInterfaceOrientationLandscapeLeft UIInterfaceOrientationLandscapeRight";
				LD_RUNPATH_SEARCH_PATHS = (
					"$(inherited)",
					"@executable_path/Frameworks",
				);
				MARKETING_VERSION = 1.0;
				PRODUCT_BUNDLE_IDENTIFIER = com.namorosino.Movies;
				PRODUCT_NAME = "$(TARGET_NAME)";
				SWIFT_EMIT_LOC_STRINGS = YES;
				SWIFT_VERSION = 5.0;
				TARGETED_DEVICE_FAMILY = "1,2";
			};
			name = Release;
		};
		195A7DD12C87ADE60016CB10 /* Debug */ = {
			isa = XCBuildConfiguration;
			buildSettings = {
				ALWAYS_EMBED_SWIFT_STANDARD_LIBRARIES = YES;
				BUNDLE_LOADER = "$(TEST_HOST)";
				CODE_SIGN_STYLE = Automatic;
				CURRENT_PROJECT_VERSION = 1;
				DEVELOPMENT_TEAM = GMW53CV982;
				GENERATE_INFOPLIST_FILE = YES;
				IPHONEOS_DEPLOYMENT_TARGET = 17.4;
				MARKETING_VERSION = 1.0;
				PRODUCT_BUNDLE_IDENTIFIER = com.namorosino.MoviesTests;
				PRODUCT_NAME = "$(TARGET_NAME)";
				SWIFT_EMIT_LOC_STRINGS = NO;
				SWIFT_VERSION = 5.0;
				TARGETED_DEVICE_FAMILY = "1,2";
				TEST_HOST = "$(BUILT_PRODUCTS_DIR)/Movies.app/$(BUNDLE_EXECUTABLE_FOLDER_PATH)/Movies";
			};
			name = Debug;
		};
		195A7DD22C87ADE60016CB10 /* Release */ = {
			isa = XCBuildConfiguration;
			buildSettings = {
				ALWAYS_EMBED_SWIFT_STANDARD_LIBRARIES = YES;
				BUNDLE_LOADER = "$(TEST_HOST)";
				CODE_SIGN_STYLE = Automatic;
				CURRENT_PROJECT_VERSION = 1;
				DEVELOPMENT_TEAM = GMW53CV982;
				GENERATE_INFOPLIST_FILE = YES;
				IPHONEOS_DEPLOYMENT_TARGET = 17.4;
				MARKETING_VERSION = 1.0;
				PRODUCT_BUNDLE_IDENTIFIER = com.namorosino.MoviesTests;
				PRODUCT_NAME = "$(TARGET_NAME)";
				SWIFT_EMIT_LOC_STRINGS = NO;
				SWIFT_VERSION = 5.0;
				TARGETED_DEVICE_FAMILY = "1,2";
				TEST_HOST = "$(BUILT_PRODUCTS_DIR)/Movies.app/$(BUNDLE_EXECUTABLE_FOLDER_PATH)/Movies";
			};
			name = Release;
		};
		195A7DD42C87ADE60016CB10 /* Debug */ = {
			isa = XCBuildConfiguration;
			buildSettings = {
				ALWAYS_EMBED_SWIFT_STANDARD_LIBRARIES = YES;
				CODE_SIGN_STYLE = Automatic;
				CURRENT_PROJECT_VERSION = 1;
				DEVELOPMENT_TEAM = GMW53CV982;
				GENERATE_INFOPLIST_FILE = YES;
				MARKETING_VERSION = 1.0;
				PRODUCT_BUNDLE_IDENTIFIER = com.namorosino.MoviesUITests;
				PRODUCT_NAME = "$(TARGET_NAME)";
				SWIFT_EMIT_LOC_STRINGS = NO;
				SWIFT_VERSION = 5.0;
				TARGETED_DEVICE_FAMILY = "1,2";
				TEST_TARGET_NAME = Movies;
			};
			name = Debug;
		};
		195A7DD52C87ADE60016CB10 /* Release */ = {
			isa = XCBuildConfiguration;
			buildSettings = {
				ALWAYS_EMBED_SWIFT_STANDARD_LIBRARIES = YES;
				CODE_SIGN_STYLE = Automatic;
				CURRENT_PROJECT_VERSION = 1;
				DEVELOPMENT_TEAM = GMW53CV982;
				GENERATE_INFOPLIST_FILE = YES;
				MARKETING_VERSION = 1.0;
				PRODUCT_BUNDLE_IDENTIFIER = com.namorosino.MoviesUITests;
				PRODUCT_NAME = "$(TARGET_NAME)";
				SWIFT_EMIT_LOC_STRINGS = NO;
				SWIFT_VERSION = 5.0;
				TARGETED_DEVICE_FAMILY = "1,2";
				TEST_TARGET_NAME = Movies;
			};
			name = Release;
		};
/* End XCBuildConfiguration section */

/* Begin XCConfigurationList section */
		195A7DA42C87ADE40016CB10 /* Build configuration list for PBXProject "Movies" */ = {
			isa = XCConfigurationList;
			buildConfigurations = (
				195A7DCB2C87ADE60016CB10 /* Debug */,
				195A7DCC2C87ADE60016CB10 /* Release */,
			);
			defaultConfigurationIsVisible = 0;
			defaultConfigurationName = Release;
		};
		195A7DCD2C87ADE60016CB10 /* Build configuration list for PBXNativeTarget "Movies" */ = {
			isa = XCConfigurationList;
			buildConfigurations = (
				195A7DCE2C87ADE60016CB10 /* Debug */,
				195A7DCF2C87ADE60016CB10 /* Release */,
			);
			defaultConfigurationIsVisible = 0;
			defaultConfigurationName = Release;
		};
		195A7DD02C87ADE60016CB10 /* Build configuration list for PBXNativeTarget "MoviesTests" */ = {
			isa = XCConfigurationList;
			buildConfigurations = (
				195A7DD12C87ADE60016CB10 /* Debug */,
				195A7DD22C87ADE60016CB10 /* Release */,
			);
			defaultConfigurationIsVisible = 0;
			defaultConfigurationName = Release;
		};
		195A7DD32C87ADE60016CB10 /* Build configuration list for PBXNativeTarget "MoviesUITests" */ = {
			isa = XCConfigurationList;
			buildConfigurations = (
				195A7DD42C87ADE60016CB10 /* Debug */,
				195A7DD52C87ADE60016CB10 /* Release */,
			);
			defaultConfigurationIsVisible = 0;
			defaultConfigurationName = Release;
		};
/* End XCConfigurationList section */
	};
	rootObject = 195A7DA12C87ADE40016CB10 /* Project object */;
}
